
Microsoft Visual Studio Solution File, Format Version 12.00
# Visual Studio 15
VisualStudioVersion = 15.0.28307.1209
MinimumVisualStudioVersion = 10.0.40219.1
Project("{FAE04EC0-301F-11D3-BF4B-00C04F79EFBC}") = "Memorial", "Memorial\Memorial.csproj", "{C9E93257-2873-4D57-80CD-26E78A14B073}"
EndProject
Global
	GlobalSection(SolutionConfigurationPlatforms) = preSolution
		Debug|Any CPU = Debug|Any CPU
		Release|Any CPU = Release|Any CPU
	EndGlobalSection
	GlobalSection(ProjectConfigurationPlatforms) = postSolution
		{C9E93257-2873-4D57-80CD-26E78A14B073}.Debug|Any CPU.ActiveCfg = Debug|Any CPU
		{C9E93257-2873-4D57-80CD-26E78A14B073}.Debug|Any CPU.Build.0 = Debug|Any CPU
		{C9E93257-2873-4D57-80CD-26E78A14B073}.Release|Any CPU.ActiveCfg = Release|Any CPU
		{C9E93257-2873-4D57-80CD-26E78A14B073}.Release|Any CPU.Build.0 = Release|Any CPU
	EndGlobalSection
	GlobalSection(SolutionProperties) = preSolution
		HideSolutionNode = FALSE
	EndGlobalSection
	GlobalSection(ExtensibilityGlobals) = postSolution
		SolutionGuid = {7B3DE378-A71C-45C4-8C2B-F47C4EAF033C}
	EndGlobalSection
EndGlobal
